
Microsoft Visual Studio Solution File, Format Version 12.00
# Visual Studio Version 17
VisualStudioVersion = 17.11.35222.181
MinimumVisualStudioVersion = 10.0.40219.1
Project("{8BC9CEB8-8B4A-11D0-8D11-00A0C91BC942}") = "CS-Week-4-Simple-Adventure-Game", "CS-Week-4-Simple-Adventure-Game\CS-Week-4-Simple-Adventure-Game.vcxproj", "{EC12C48F-7F11-4252-91D9-1EA04DAF844C}"
EndProject
Global
	GlobalSection(SolutionConfigurationPlatforms) = preSolution
		Debug|x64 = Debug|x64
		Debug|x86 = Debug|x86
		Release|x64 = Release|x64
		Release|x86 = Release|x86
	EndGlobalSection
	GlobalSection(ProjectConfigurationPlatforms) = postSolution
		{EC12C48F-7F11-4252-91D9-1EA04DAF844C}.Debug|x64.ActiveCfg = Debug|x64
		{EC12C48F-7F11-4252-91D9-1EA04DAF844C}.Debug|x64.Build.0 = Debug|x64
		{EC12C48F-7F11-4252-91D9-1EA04DAF844C}.Debug|x86.ActiveCfg = Debug|Win32
		{EC12C48F-7F11-4252-91D9-1EA04DAF844C}.Debug|x86.Build.0 = Debug|Win32
		{EC12C48F-7F11-4252-91D9-1EA04DAF844C}.Release|x64.ActiveCfg = Release|x64
		{EC12C48F-7F11-4252-91D9-1EA04DAF844C}.Release|x64.Build.0 = Release|x64
		{EC12C48F-7F11-4252-91D9-1EA04DAF844C}.Release|x86.ActiveCfg = Release|Win32
		{EC12C48F-7F11-4252-91D9-1EA04DAF844C}.Release|x86.Build.0 = Release|Win32
	EndGlobalSection
	GlobalSection(SolutionProperties) = preSolution
		HideSolutionNode = FALSE
	EndGlobalSection
	GlobalSection(ExtensibilityGlobals) = postSolution
		SolutionGuid = {B815799D-3EB5-4361-A746-AD8685B17E37}
	EndGlobalSection
EndGlobal
